// !$*UTF8*$!
{
	archiveVersion = 1;
	classes = {
	};
	objectVersion = 56;
	objects = {

/* Begin PBXBuildFile section */
		306CD55229FAAABE00979596 /* README.md in Resources */ = {isa = PBXBuildFile; fileRef = 306CD55129FAAABE00979596 /* README.md */; };
		9A36A1FC1CE2C76000AF1A7F /* AppDelegate.swift in Sources */ = {isa = PBXBuildFile; fileRef = 9A36A1FB1CE2C76000AF1A7F /* AppDelegate.swift */; };
		9A36A1FE1CE2C76000AF1A7F /* ViewController.swift in Sources */ = {isa = PBXBuildFile; fileRef = 9A36A1FD1CE2C76000AF1A7F /* ViewController.swift */; };
		9A36A2011CE2C76000AF1A7F /* Main.storyboard in Resources */ = {isa = PBXBuildFile; fileRef = 9A36A1FF1CE2C76000AF1A7F /* Main.storyboard */; };
		9A36A2031CE2C76000AF1A7F /* Assets.xcassets in Resources */ = {isa = PBXBuildFile; fileRef = 9A36A2021CE2C76000AF1A7F /* Assets.xcassets */; };
		9A36A2061CE2C76000AF1A7F /* LaunchScreen.storyboard in Resources */ = {isa = PBXBuildFile; fileRef = 9A36A2041CE2C76000AF1A7F /* LaunchScreen.storyboard */; };
		E1DDC1932193C68E0002AAA9 /* AppDelegate+BDPLocationEvents.swift in Sources */ = {isa = PBXBuildFile; fileRef = E1DDC1922193C68E0002AAA9 /* AppDelegate+BDPLocationEvents.swift */; };
		E1EE258D2F7B99D500228A83 /* AirshipCore in Frameworks */ = {isa = PBXBuildFile; productRef = E1EE258C2F7B99D500228A83 /* AirshipCore */; };
		E1EE258F2F7B99D500228A83 /* AirshipDebug in Frameworks */ = {isa = PBXBuildFile; productRef = E1EE258E2F7B99D500228A83 /* AirshipDebug */; };
		E1FEE0852F7CC2110090A5E7 /* BDPointSDK in Frameworks */ = {isa = PBXBuildFile; productRef = E1FEE0822F7CBFE60090A5E7 /* BDPointSDK */; };
/* End PBXBuildFile section */

/* Begin PBXCopyFilesBuildPhase section */
		9A36A21F1CE2C81100AF1A7F /* Embed Frameworks */ = {
			isa = PBXCopyFilesBuildPhase;
			buildActionMask = 2147483647;
			dstPath = "";
			dstSubfolderSpec = 10;
			files = (
			);
			name = "Embed Frameworks";
			runOnlyForDeploymentPostprocessing = 0;
		};
/* End PBXCopyFilesBuildPhase section */

/* Begin PBXFileReference section */
		306CD55129FAAABE00979596 /* README.md */ = {isa = PBXFileReference; fileEncoding = 4; lastKnownFileType = net.daringfireball.markdown; path = README.md; sourceTree = "<group>"; };
		9A36A1F81CE2C76000AF1A7F /* BluedotAirshipDemoApp-iOS.app */ = {isa = PBXFileReference; explicitFileType = wrapper.application; includeInIndex = 0; path = "BluedotAirshipDemoApp-iOS.app"; sourceTree = BUILT_PRODUCTS_DIR; };
		9A36A1FB1CE2C76000AF1A7F /* AppDelegate.swift */ = {isa = PBXFileReference; lastKnownFileType = sourcecode.swift; path = AppDelegate.swift; sourceTree = "<group>"; };
		9A36A1FD1CE2C76000AF1A7F /* ViewController.swift */ = {isa = PBXFileReference; lastKnownFileType = sourcecode.swift; path = ViewController.swift; sourceTree = "<group>"; };
		9A36A2001CE2C76000AF1A7F /* Base */ = {isa = PBXFileReference; lastKnownFileType = file.storyboard; name = Base; path = Base.lproj/Main.storyboard; sourceTree = "<group>"; };
		9A36A2021CE2C76000AF1A7F /* Assets.xcassets */ = {isa = PBXFileReference; lastKnownFileType = folder.assetcatalog; path = Assets.xcassets; sourceTree = "<group>"; };
		9A36A2051CE2C76000AF1A7F /* Base */ = {isa = PBXFileReference; lastKnownFileType = file.storyboard; name = Base; path = Base.lproj/LaunchScreen.storyboard; sourceTree = "<group>"; };
		9A36A2071CE2C76000AF1A7F /* Info.plist */ = {isa = PBXFileReference; lastKnownFileType = text.plist.xml; path = Info.plist; sourceTree = "<group>"; };
		E1C47436211A891F007903EC /* BluedotAirshipDemoApp-iOS.entitlements */ = {isa = PBXFileReference; fileEncoding = 4; lastKnownFileType = text.plist.entitlements; path = "BluedotAirshipDemoApp-iOS.entitlements"; sourceTree = "<group>"; };
		E1DDC1922193C68E0002AAA9 /* AppDelegate+BDPLocationEvents.swift */ = {isa = PBXFileReference; lastKnownFileType = sourcecode.swift; path = "AppDelegate+BDPLocationEvents.swift"; sourceTree = "<group>"; };
/* End PBXFileReference section */

/* Begin PBXFrameworksBuildPhase section */
		9A36A1F51CE2C76000AF1A7F /* Frameworks */ = {
			isa = PBXFrameworksBuildPhase;
			buildActionMask = 2147483647;
			files = (
				E1FEE0852F7CC2110090A5E7 /* BDPointSDK in Frameworks */,
				E1EE258D2F7B99D500228A83 /* AirshipCore in Frameworks */,
				E1EE258F2F7B99D500228A83 /* AirshipDebug in Frameworks */,
			);
			runOnlyForDeploymentPostprocessing = 0;
		};
/* End PBXFrameworksBuildPhase section */

/* Begin PBXGroup section */
		9A36A1EF1CE2C76000AF1A7F = {
			isa = PBXGroup;
			children = (
				306CD55129FAAABE00979596 /* README.md */,
				9A36A1FA1CE2C76000AF1A7F /* BluedotAirshipDemoApp-iOS */,
				9A36A1F91CE2C76000AF1A7F /* Products */,
			);
			sourceTree = "<group>";
		};
		9A36A1F91CE2C76000AF1A7F /* Products */ = {
			isa = PBXGroup;
			children = (
				9A36A1F81CE2C76000AF1A7F /* BluedotAirshipDemoApp-iOS.app */,
			);
			name = Products;
			sourceTree = "<group>";
		};
		9A36A1FA1CE2C76000AF1A7F /* BluedotAirshipDemoApp-iOS */ = {
			isa = PBXGroup;
			children = (
				9A36A1FB1CE2C76000AF1A7F /* AppDelegate.swift */,
				E1DDC1922193C68E0002AAA9 /* AppDelegate+BDPLocationEvents.swift */,
				9A36A2021CE2C76000AF1A7F /* Assets.xcassets */,
				9A36A2071CE2C76000AF1A7F /* Info.plist */,
				9A36A2041CE2C76000AF1A7F /* LaunchScreen.storyboard */,
				9A36A1FF1CE2C76000AF1A7F /* Main.storyboard */,
				E1C47436211A891F007903EC /* BluedotAirshipDemoApp-iOS.entitlements */,
				9A36A1FD1CE2C76000AF1A7F /* ViewController.swift */,
			);
			path = "BluedotAirshipDemoApp-iOS";
			sourceTree = "<group>";
		};
/* End PBXGroup section */

/* Begin PBXNativeTarget section */
		9A36A1F71CE2C76000AF1A7F /* BluedotAirshipDemoApp-iOS */ = {
			isa = PBXNativeTarget;
			buildConfigurationList = 9A36A20A1CE2C76000AF1A7F /* Build configuration list for PBXNativeTarget "BluedotAirshipDemoApp-iOS" */;
			buildPhases = (
				9A36A1F41CE2C76000AF1A7F /* Sources */,
				9A36A1F51CE2C76000AF1A7F /* Frameworks */,
				9A36A1F61CE2C76000AF1A7F /* Resources */,
				9A36A21F1CE2C81100AF1A7F /* Embed Frameworks */,
			);
			buildRules = (
			);
			dependencies = (
			);
			name = "BluedotAirshipDemoApp-iOS";
			packageProductDependencies = (
				E1EE258C2F7B99D500228A83 /* AirshipCore */,
				E1EE258E2F7B99D500228A83 /* AirshipDebug */,
				E1FEE0822F7CBFE60090A5E7 /* BDPointSDK */,
			);
			productName = UrbanAirshipSDKTest;
			productReference = 9A36A1F81CE2C76000AF1A7F /* BluedotAirshipDemoApp-iOS.app */;
			productType = "com.apple.product-type.application";
		};
/* End PBXNativeTarget section */

/* Begin PBXProject section */
		9A36A1F01CE2C76000AF1A7F /* Project object */ = {
			isa = PBXProject;
			attributes = {
				LastSwiftUpdateCheck = 0730;
				LastUpgradeCheck = 1000;
				ORGANIZATIONNAME = "Bluedot Innovation";
				TargetAttributes = {
					9A36A1F71CE2C76000AF1A7F = {
						CreatedOnToolsVersion = 7.3.1;
						LastSwiftMigration = 1100;
						SystemCapabilities = {
							com.apple.Push = {
								enabled = 1;
							};
						};
					};
				};
			};
			buildConfigurationList = 9A36A1F31CE2C76000AF1A7F /* Build configuration list for PBXProject "BluedotAirshipDemoApp-iOS" */;
			compatibilityVersion = "Xcode 14.0";
			developmentRegion = English;
			hasScannedForEncodings = 0;
			knownRegions = (
				English,
				en,
				Base,
			);
			mainGroup = 9A36A1EF1CE2C76000AF1A7F;
			packageReferences = (
				E1EE258B2F7B99D500228A83 /* XCRemoteSwiftPackageReference "ios-library" */,
				E1FEE0812F7CBFE60090A5E7 /* XCRemoteSwiftPackageReference "PointSDK-iOS" */,
			);
			productRefGroup = 9A36A1F91CE2C76000AF1A7F /* Products */;
			projectDirPath = "";
			projectRoot = "";
			targets = (
				9A36A1F71CE2C76000AF1A7F /* BluedotAirshipDemoApp-iOS */,
			);
		};
/* End PBXProject section */

/* Begin PBXResourcesBuildPhase section */
		9A36A1F61CE2C76000AF1A7F /* Resources */ = {
			isa = PBXResourcesBuildPhase;
			buildActionMask = 2147483647;
			files = (
				9A36A2061CE2C76000AF1A7F /* LaunchScreen.storyboard in Resources */,
				9A36A2031CE2C76000AF1A7F /* Assets.xcassets in Resources */,
				306CD55229FAAABE00979596 /* README.md in Resources */,
				9A36A2011CE2C76000AF1A7F /* Main.storyboard in Resources */,
			);
			runOnlyForDeploymentPostprocessing = 0;
		};
/* End PBXResourcesBuildPhase section */

/* Begin PBXSourcesBuildPhase section */
		9A36A1F41CE2C76000AF1A7F /* Sources */ = {
			isa = PBXSourcesBuildPhase;
			buildActionMask = 2147483647;
			files = (
				9A36A1FE1CE2C76000AF1A7F /* ViewController.swift in Sources */,
				E1DDC1932193C68E0002AAA9 /* AppDelegate+BDPLocationEvents.swift in Sources */,
				9A36A1FC1CE2C76000AF1A7F /* AppDelegate.swift in Sources */,
			);
			runOnlyForDeploymentPostprocessing = 0;
		};
/* End PBXSourcesBuildPhase section */

/* Begin PBXVariantGroup section */
		9A36A1FF1CE2C76000AF1A7F /* Main.storyboard */ = {
			isa = PBXVariantGroup;
			children = (
				9A36A2001CE2C76000AF1A7F /* Base */,
			);
			name = Main.storyboard;
			sourceTree = "<group>";
		};
		9A36A2041CE2C76000AF1A7F /* LaunchScreen.storyboard */ = {
			isa = PBXVariantGroup;
			children = (
				9A36A2051CE2C76000AF1A7F /* Base */,
			);
			name = LaunchScreen.storyboard;
			sourceTree = "<group>";
		};
/* End PBXVariantGroup section */

/* Begin XCBuildConfiguration section */
		9A36A2081CE2C76000AF1A7F /* Debug */ = {
			isa = XCBuildConfiguration;
			buildSettings = {
				ALWAYS_SEARCH_USER_PATHS = NO;
				CLANG_ANALYZER_NONNULL = YES;
				CLANG_CXX_LANGUAGE_STANDARD = "gnu++0x";
				CLANG_CXX_LIBRARY = "libc++";
				CLANG_ENABLE_MODULES = YES;
				CLANG_ENABLE_OBJC_ARC = YES;
				CLANG_WARN_BLOCK_CAPTURE_AUTORELEASING = YES;
				CLANG_WARN_BOOL_CONVERSION = YES;
				CLANG_WARN_COMMA = YES;
				CLANG_WARN_CONSTANT_CONVERSION = YES;
				CLANG_WARN_DEPRECATED_OBJC_IMPLEMENTATIONS = YES;
				CLANG_WARN_DIRECT_OBJC_ISA_USAGE = YES_ERROR;
				CLANG_WARN_EMPTY_BODY = YES;
				CLANG_WARN_ENUM_CONVERSION = YES;
				CLANG_WARN_INFINITE_RECURSION = YES;
				CLANG_WARN_INT_CONVERSION = YES;
				CLANG_WARN_NON_LITERAL_NULL_CONVERSION = YES;
				CLANG_WARN_OBJC_IMPLICIT_RETAIN_SELF = YES;
				CLANG_WARN_OBJC_LITERAL_CONVERSION = YES;
				CLANG_WARN_OBJC_ROOT_CLASS = YES_ERROR;
				CLANG_WARN_RANGE_LOOP_ANALYSIS = YES;
				CLANG_WARN_STRICT_PROTOTYPES = YES;
				CLANG_WARN_SUSPICIOUS_MOVE = YES;
				CLANG_WARN_UNREACHABLE_CODE = YES;
				CLANG_WARN__DUPLICATE_METHOD_MATCH = YES;
				CODE_SIGN_IDENTITY = "iPhone Developer";
				"CODE_SIGN_IDENTITY[sdk=iphoneos*]" = "iPhone Developer";
				COPY_PHASE_STRIP = NO;
				DEBUG_INFORMATION_FORMAT = "dwarf-with-dsym";
				ENABLE_STRICT_OBJC_MSGSEND = YES;
				ENABLE_TESTABILITY = YES;
				GCC_C_LANGUAGE_STANDARD = gnu99;
				GCC_DYNAMIC_NO_PIC = NO;
				GCC_NO_COMMON_BLOCKS = YES;
				GCC_OPTIMIZATION_LEVEL = 0;
				GCC_PREPROCESSOR_DEFINITIONS = (
					"DEBUG=1",
					"$(inherited)",
				);
				GCC_WARN_64_TO_32_BIT_CONVERSION = YES;
				GCC_WARN_ABOUT_RETURN_TYPE = YES_ERROR;
				GCC_WARN_UNDECLARED_SELECTOR = YES;
				GCC_WARN_UNINITIALIZED_AUTOS = YES_AGGRESSIVE;
				GCC_WARN_UNUSED_FUNCTION = YES;
				GCC_WARN_UNUSED_VARIABLE = YES;
				IPHONEOS_DEPLOYMENT_TARGET = 11.0;
				MTL_ENABLE_DEBUG_INFO = YES;
				ONLY_ACTIVE_ARCH = YES;
				SDKROOT = iphoneos;
				SWIFT_OPTIMIZATION_LEVEL = "-Onone";
				SWIFT_VERSION = 4.2;
				TARGETED_DEVICE_FAMILY = "1,2";
			};
			name = Debug;
		};
		9A36A2091CE2C76000AF1A7F /* Release */ = {
			isa = XCBuildConfiguration;
			buildSettings = {
				ALWAYS_SEARCH_USER_PATHS = NO;
				CLANG_ANALYZER_NONNULL = YES;
				CLANG_CXX_LANGUAGE_STANDARD = "gnu++0x";
				CLANG_CXX_LIBRARY = "libc++";
				CLANG_ENABLE_MODULES = YES;
				CLANG_ENABLE_OBJC_ARC = YES;
				CLANG_WARN_BLOCK_CAPTURE_AUTORELEASING = YES;
				CLANG_WARN_BOOL_CONVERSION = YES;
				CLANG_WARN_COMMA = YES;
				CLANG_WARN_CONSTANT_CONVERSION = YES;
				CLANG_WARN_DEPRECATED_OBJC_IMPLEMENTATIONS = YES;
				CLANG_WARN_DIRECT_OBJC_ISA_USAGE = YES_ERROR;
				CLANG_WARN_EMPTY_BODY = YES;
				CLANG_WARN_ENUM_CONVERSION = YES;
				CLANG_WARN_INFINITE_RECURSION = YES;
				CLANG_WARN_INT_CONVERSION = YES;
				CLANG_WARN_NON_LITERAL_NULL_CONVERSION = YES;
				CLANG_WARN_OBJC_IMPLICIT_RETAIN_SELF = YES;
				CLANG_WARN_OBJC_LITERAL_CONVERSION = YES;
				CLANG_WARN_OBJC_ROOT_CLASS = YES_ERROR;
				CLANG_WARN_RANGE_LOOP_ANALYSIS = YES;
				CLANG_WARN_STRICT_PROTOTYPES = YES;
				CLANG_WARN_SUSPICIOUS_MOVE = YES;
				CLANG_WARN_UNREACHABLE_CODE = YES;
				CLANG_WARN__DUPLICATE_METHOD_MATCH = YES;
				CODE_SIGN_IDENTITY = "iPhone Developer";
				"CODE_SIGN_IDENTITY[sdk=iphoneos*]" = "iPhone Developer";
				COPY_PHASE_STRIP = NO;
				DEBUG_INFORMATION_FORMAT = "dwarf-with-dsym";
				ENABLE_NS_ASSERTIONS = NO;
				ENABLE_STRICT_OBJC_MSGSEND = YES;
				GCC_C_LANGUAGE_STANDARD = gnu99;
				GCC_NO_COMMON_BLOCKS = YES;
				GCC_WARN_64_TO_32_BIT_CONVERSION = YES;
				GCC_WARN_ABOUT_RETURN_TYPE = YES_ERROR;
				GCC_WARN_UNDECLARED_SELECTOR = YES;
				GCC_WARN_UNINITIALIZED_AUTOS = YES_AGGRESSIVE;
				GCC_WARN_UNUSED_FUNCTION = YES;
				GCC_WARN_UNUSED_VARIABLE = YES;
				IPHONEOS_DEPLOYMENT_TARGET = 11.0;
				MTL_ENABLE_DEBUG_INFO = NO;
				SDKROOT = iphoneos;
				SWIFT_COMPILATION_MODE = wholemodule;
				SWIFT_VERSION = 4.2;
				TARGETED_DEVICE_FAMILY = "1,2";
				VALIDATE_PRODUCT = YES;
			};
			name = Release;
		};
		9A36A20B1CE2C76000AF1A7F /* Debug */ = {
			isa = XCBuildConfiguration;
			buildSettings = {
				ASSETCATALOG_COMPILER_APPICON_NAME = AppIcon;
				CODE_SIGN_ENTITLEMENTS = "BluedotAirshipDemoApp-iOS/BluedotAirshipDemoApp-iOS.entitlements";
				CODE_SIGN_IDENTITY = "iPhone Developer";
				CODE_SIGN_STYLE = Automatic;
				CURRENT_PROJECT_VERSION = 4;
				DEVELOPMENT_TEAM = 9H7C75E224;
				ENABLE_BITCODE = NO;
				EXCLUDED_ARCHS = "";
				"EXCLUDED_ARCHS[sdk=iphonesimulator*]" = "";
				HEADER_SEARCH_PATHS = "$(inherited)";
				INFOPLIST_FILE = "BluedotAirshipDemoApp-iOS/Info.plist";
				IPHONEOS_DEPLOYMENT_TARGET = 16.0;
				LD_RUNPATH_SEARCH_PATHS = (
					"$(inherited)",
					"@executable_path/Frameworks",
				);
				LIBRARY_SEARCH_PATHS = "$(inherited)";
				MARKETING_VERSION = 2.0.0;
				PRODUCT_BUNDLE_IDENTIFIER = io.bluedot.AirshipSDKTest;
				PRODUCT_NAME = "$(TARGET_NAME)";
				PROVISIONING_PROFILE_SPECIFIER = "";
				STRIP_INSTALLED_PRODUCT = NO;
				SWIFT_VERSION = 5.0;
			};
			name = Debug;
		};
		9A36A20C1CE2C76000AF1A7F /* Release */ = {
			isa = XCBuildConfiguration;
			buildSettings = {
				ASSETCATALOG_COMPILER_APPICON_NAME = AppIcon;
				CODE_SIGN_ENTITLEMENTS = "BluedotAirshipDemoApp-iOS/BluedotAirshipDemoApp-iOS.entitlements";
				CODE_SIGN_IDENTITY = "iPhone Developer";
				CODE_SIGN_STYLE = Automatic;
				CURRENT_PROJECT_VERSION = 4;
				DEVELOPMENT_TEAM = 9H7C75E224;
				ENABLE_BITCODE = NO;
				EXCLUDED_ARCHS = "";
				"EXCLUDED_ARCHS[sdk=iphonesimulator*]" = "";
				HEADER_SEARCH_PATHS = "$(inherited)";
				INFOPLIST_FILE = "BluedotAirshipDemoApp-iOS/Info.plist";
				IPHONEOS_DEPLOYMENT_TARGET = 16.0;
				LD_RUNPATH_SEARCH_PATHS = (
					"$(inherited)",
					"@executable_path/Frameworks",
				);
				LIBRARY_SEARCH_PATHS = "$(inherited)";
				MARKETING_VERSION = 2.0.0;
				PRODUCT_BUNDLE_IDENTIFIER = io.bluedot.AirshipSDKTest;
				PRODUCT_NAME = "$(TARGET_NAME)";
				PROVISIONING_PROFILE_SPECIFIER = "";
				STRIP_INSTALLED_PRODUCT = NO;
				SWIFT_VERSION = 5.0;
			};
			name = Release;
		};
/* End XCBuildConfiguration section */

/* Begin XCConfigurationList section */
		9A36A1F31CE2C76000AF1A7F /* Build configuration list for PBXProject "BluedotAirshipDemoApp-iOS" */ = {
			isa = XCConfigurationList;
			buildConfigurations = (
				9A36A2081CE2C76000AF1A7F /* Debug */,
				9A36A2091CE2C76000AF1A7F /* Release */,
			);
			defaultConfigurationIsVisible = 0;
			defaultConfigurationName = Release;
		};
		9A36A20A1CE2C76000AF1A7F /* Build configuration list for PBXNativeTarget "BluedotAirshipDemoApp-iOS" */ = {
			isa = XCConfigurationList;
			buildConfigurations = (
				9A36A20B1CE2C76000AF1A7F /* Debug */,
				9A36A20C1CE2C76000AF1A7F /* Release */,
			);
			defaultConfigurationIsVisible = 0;
			defaultConfigurationName = Release;
		};
/* End XCConfigurationList section */

/* Begin XCRemoteSwiftPackageReference section */
		E1EE258B2F7B99D500228A83 /* XCRemoteSwiftPackageReference "ios-library" */ = {
			isa = XCRemoteSwiftPackageReference;
			repositoryURL = "https://github.com/urbanairship/ios-library";
			requirement = {
				kind = upToNextMajorVersion;
				minimumVersion = 20.6.1;
			};
		};
		E1FEE0812F7CBFE60090A5E7 /* XCRemoteSwiftPackageReference "PointSDK-iOS" */ = {
			isa = XCRemoteSwiftPackageReference;
			repositoryURL = "https://github.com/Bluedot-Innovation/PointSDK-iOS/";
			requirement = {
				kind = upToNextMajorVersion;
				minimumVersion = 17.2.0;
			};
		};
/* End XCRemoteSwiftPackageReference section */

/* Begin XCSwiftPackageProductDependency section */
		E1EE258C2F7B99D500228A83 /* AirshipCore */ = {
			isa = XCSwiftPackageProductDependency;
			package = E1EE258B2F7B99D500228A83 /* XCRemoteSwiftPackageReference "ios-library" */;
			productName = AirshipCore;
		};
		E1EE258E2F7B99D500228A83 /* AirshipDebug */ = {
			isa = XCSwiftPackageProductDependency;
			package = E1EE258B2F7B99D500228A83 /* XCRemoteSwiftPackageReference "ios-library" */;
			productName = AirshipDebug;
		};
		E1FEE0822F7CBFE60090A5E7 /* BDPointSDK */ = {
			isa = XCSwiftPackageProductDependency;
			package = E1FEE0812F7CBFE60090A5E7 /* XCRemoteSwiftPackageReference "PointSDK-iOS" */;
			productName = BDPointSDK;
		};
/* End XCSwiftPackageProductDependency section */
	};
	rootObject = 9A36A1F01CE2C76000AF1A7F /* Project object */;
}
